dependencies:
  espressif/coap:
    component_hash: 110911e92269df737326f643111da07934621c1c6e9a3cf7c7a002a14d55cfa3
    source:
      service_url: https://api.components.espressif.com/
      type: service
    version: 4.3.4~1
  idf:
    component_hash: null
    source:
      type: idf
    version: 5.2.0
manifest_hash: f3efa3e61afd2f07797c486cf19a742f6b5020034cb42d1aa67e3663e1b8491e
target: esp32
version: 1.0.0
